
Microsoft Visual Studio Solution File, Format Version 12.00
# Visual Studio Version 16
VisualStudioVersion = 16.0.31729.503
MinimumVisualStudioVersion = 10.0.40219.1
Project("{2150E333-8FDC-42A3-9474-1A3956D46DE8}") = "PlugIns", "PlugIns", "{A83F00EC-F377-4BA7-B599-1DEBEDF6049A}"
EndProject
Project("{2150E333-8FDC-42A3-9474-1A3956D46DE8}") = "Languages", "Languages", "{21627654-4FFB-4AEE-B1CE-E1AE514D9FD1}"
EndProject
Project("{FAE04EC0-301F-11D3-BF4B-00C04F79EFBC}") = "AssemblyImport", "AssemblyImport\AssemblyImport.csproj", "{DBE5912F-CC01-43C9-B3ED-123C21B79406}"
EndProject
Project("{2150E333-8FDC-42A3-9474-1A3956D46DE8}") = "Components", "Components", "{AE4C8491-7930-41AE-A110-20A802E20388}"
EndProject
Project("{FAE04EC0-301F-11D3-BF4B-00C04F79EFBC}") = "Translations", "Translations\Translations.csproj", "{00561ADB-177D-4356-A48F-FA4E12B44704}"
EndProject
Project("{FAE04EC0-301F-11D3-BF4B-00C04F79EFBC}") = "Core", "Core\Core.csproj", "{8863BE3E-73A8-4AF5-95F8-912F5EA2D680}"
EndProject
Project("{FAE04EC0-301F-11D3-BF4B-00C04F79EFBC}") = "CSharp", "CSharp\CSharp.csproj", "{AD50905F-ECDB-478B-974C-FAF94279383A}"
EndProject
Project("{FAE04EC0-301F-11D3-BF4B-00C04F79EFBC}") = "Java", "Java\Java.csproj", "{8EF17258-43D9-47EA-BD2E-93121E6CAAEE}"
EndProject
Project("{FAE04EC0-301F-11D3-BF4B-00C04F79EFBC}") = "DiagramEditor", "DiagramEditor\DiagramEditor.csproj", "{DEB5BA2B-8A7A-4FD4-9630-03E439692897}"
EndProject
Project("{FAE04EC0-301F-11D3-BF4B-00C04F79EFBC}") = "CodeGenerator", "CodeGenerator\CodeGenerator.csproj", "{A00AE1AA-EA4F-42E5-8C0F-7664DDF9EBEA}"
EndProject
Project("{2150E333-8FDC-42A3-9474-1A3956D46DE8}") = "icons", "icons", "{4A7559D8-A0DE-49A4-815A-833B6D0E0295}"
	ProjectSection(SolutionItems) = preProject
		icons\diagram.ico = icons\diagram.ico
		icons\nclass.ico = icons\nclass.ico
	EndProjectSection
EndProject
Project("{FAE04EC0-301F-11D3-BF4B-00C04F79EFBC}") = "GUI", "GUI\GUI.csproj", "{42C556D7-33A6-427E-90ED-11231B50AD90}"
EndProject
Project("{FAE04EC0-301F-11D3-BF4B-00C04F79EFBC}") = "PDFExport", "PDFExport\PDFExport.csproj", "{0F52E931-4B89-490D-B2D9-EDD0C3B6CFF1}"
EndProject
Global
	GlobalSection(SolutionConfigurationPlatforms) = preSolution
		Debug|Any CPU = Debug|Any CPU
		Release|Any CPU = Release|Any CPU
	EndGlobalSection
	GlobalSection(ProjectConfigurationPlatforms) = postSolution
		{DBE5912F-CC01-43C9-B3ED-123C21B79406}.Debug|Any CPU.ActiveCfg = Debug|Any CPU
		{DBE5912F-CC01-43C9-B3ED-123C21B79406}.Debug|Any CPU.Build.0 = Debug|Any CPU
		{DBE5912F-CC01-43C9-B3ED-123C21B79406}.Release|Any CPU.ActiveCfg = Release|Any CPU
		{DBE5912F-CC01-43C9-B3ED-123C21B79406}.Release|Any CPU.Build.0 = Release|Any CPU
		{00561ADB-177D-4356-A48F-FA4E12B44704}.Debug|Any CPU.ActiveCfg = Debug|Any CPU
		{00561ADB-177D-4356-A48F-FA4E12B44704}.Debug|Any CPU.Build.0 = Debug|Any CPU
		{00561ADB-177D-4356-A48F-FA4E12B44704}.Release|Any CPU.ActiveCfg = Release|Any CPU
		{00561ADB-177D-4356-A48F-FA4E12B44704}.Release|Any CPU.Build.0 = Release|Any CPU
		{8863BE3E-73A8-4AF5-95F8-912F5EA2D680}.Debug|Any CPU.ActiveCfg = Debug|Any CPU
		{8863BE3E-73A8-4AF5-95F8-912F5EA2D680}.Debug|Any CPU.Build.0 = Debug|Any CPU
		{8863BE3E-73A8-4AF5-95F8-912F5EA2D680}.Release|Any CPU.ActiveCfg = Release|Any CPU
		{8863BE3E-73A8-4AF5-95F8-912F5EA2D680}.Release|Any CPU.Build.0 = Release|Any CPU
		{AD50905F-ECDB-478B-974C-FAF94279383A}.Debug|Any CPU.ActiveCfg = Debug|Any CPU
		{AD50905F-ECDB-478B-974C-FAF94279383A}.Debug|Any CPU.Build.0 = Debug|Any CPU
		{AD50905F-ECDB-478B-974C-FAF94279383A}.Release|Any CPU.ActiveCfg = Release|Any CPU
		{AD50905F-ECDB-478B-974C-FAF94279383A}.Release|Any CPU.Build.0 = Release|Any CPU
		{8EF17258-43D9-47EA-BD2E-93121E6CAAEE}.Debug|Any CPU.ActiveCfg = Debug|Any CPU
		{8EF17258-43D9-47EA-BD2E-93121E6CAAEE}.Debug|Any CPU.Build.0 = Debug|Any CPU
		{8EF17258-43D9-47EA-BD2E-93121E6CAAEE}.Release|Any CPU.ActiveCfg = Release|Any CPU
		{8EF17258-43D9-47EA-BD2E-93121E6CAAEE}.Release|Any CPU.Build.0 = Release|Any CPU
		{DEB5BA2B-8A7A-4FD4-9630-03E439692897}.Debug|Any CPU.ActiveCfg = Debug|Any CPU
		{DEB5BA2B-8A7A-4FD4-9630-03E439692897}.Debug|Any CPU.Build.0 = Debug|Any CPU
		{DEB5BA2B-8A7A-4FD4-9630-03E439692897}.Release|Any CPU.ActiveCfg = Release|Any CPU
		{DEB5BA2B-8A7A-4FD4-9630-03E439692897}.Release|Any CPU.Build.0 = Release|Any CPU
		{A00AE1AA-EA4F-42E5-8C0F-7664DDF9EBEA}.Debug|Any CPU.ActiveCfg = Debug|Any CPU
		{A00AE1AA-EA4F-42E5-8C0F-7664DDF9EBEA}.Debug|Any CPU.Build.0 = Debug|Any CPU
		{A00AE1AA-EA4F-42E5-8C0F-7664DDF9EBEA}.Release|Any CPU.ActiveCfg = Release|Any CPU
		{A00AE1AA-EA4F-42E5-8C0F-7664DDF9EBEA}.Release|Any CPU.Build.0 = Release|Any CPU
		{42C556D7-33A6-427E-90ED-11231B50AD90}.Debug|Any CPU.ActiveCfg = Debug|Any CPU
		{42C556D7-33A6-427E-90ED-11231B50AD90}.Debug|Any CPU.Build.0 = Debug|Any CPU
		{42C556D7-33A6-427E-90ED-11231B50AD90}.Release|Any CPU.ActiveCfg = Release|Any CPU
		{42C556D7-33A6-427E-90ED-11231B50AD90}.Release|Any CPU.Build.0 = Release|Any CPU
		{0F52E931-4B89-490D-B2D9-EDD0C3B6CFF1}.Debug|Any CPU.ActiveCfg = Debug|Any CPU
		{0F52E931-4B89-490D-B2D9-EDD0C3B6CFF1}.Debug|Any CPU.Build.0 = Debug|Any CPU
		{0F52E931-4B89-490D-B2D9-EDD0C3B6CFF1}.Release|Any CPU.ActiveCfg = Release|Any CPU
		{0F52E931-4B89-490D-B2D9-EDD0C3B6CFF1}.Release|Any CPU.Build.0 = Release|Any CPU
	EndGlobalSection
	GlobalSection(SolutionProperties) = preSolution
		HideSolutionNode = FALSE
	EndGlobalSection
	GlobalSection(NestedProjects) = preSolution
		{DBE5912F-CC01-43C9-B3ED-123C21B79406} = {A83F00EC-F377-4BA7-B599-1DEBEDF6049A}
		{00561ADB-177D-4356-A48F-FA4E12B44704} = {AE4C8491-7930-41AE-A110-20A802E20388}
		{8863BE3E-73A8-4AF5-95F8-912F5EA2D680} = {AE4C8491-7930-41AE-A110-20A802E20388}
		{AD50905F-ECDB-478B-974C-FAF94279383A} = {21627654-4FFB-4AEE-B1CE-E1AE514D9FD1}
		{8EF17258-43D9-47EA-BD2E-93121E6CAAEE} = {21627654-4FFB-4AEE-B1CE-E1AE514D9FD1}
		{A00AE1AA-EA4F-42E5-8C0F-7664DDF9EBEA} = {AE4C8491-7930-41AE-A110-20A802E20388}
		{0F52E931-4B89-490D-B2D9-EDD0C3B6CFF1} = {A83F00EC-F377-4BA7-B599-1DEBEDF6049A}
	EndGlobalSection
	GlobalSection(ExtensibilityGlobals) = postSolution
		SolutionGuid = {B9AFC82A-A349-48DD-A348-5E7EDE4CE0C9}
	EndGlobalSection
EndGlobal
